
Microsoft Visual Studio Solution File, Format Version 12.00
# Visual Studio Version 17
VisualStudioVersion = 17.6.33801.468
MinimumVisualStudioVersion = 10.0.40219.1
Project("{9A19103F-16F7-4668-BE54-9A1E7A4F7556}") = "gRPC.Demo.Service", "gRPC.Demo.Service\gRPC.Demo.Service.csproj", "{96CDDDFD-68AC-4819-B328-CFF75782EA49}"
EndProject
Project("{9A19103F-16F7-4668-BE54-9A1E7A4F7556}") = "gRPC.Demo.Client", "gRPC.Client.Service\gRPC.Demo.Client.csproj", "{412BDC0C-B8ED-4E11-A600-A528465CA6ED}"
EndProject
Project("{9A19103F-16F7-4668-BE54-9A1E7A4F7556}") = "gRPC.Demo.Web", "gRPC.Demo.Web\gRPC.Demo.Web.csproj", "{33947F03-CBFB-424B-B76D-91124789EDC9}"
EndProject
Global
	GlobalSection(SolutionConfigurationPlatforms) = preSolution
		Debug|Any CPU = Debug|Any CPU
		Release|Any CPU = Release|Any CPU
	EndGlobalSection
	GlobalSection(ProjectConfigurationPlatforms) = postSolution
		{96CDDDFD-68AC-4819-B328-CFF75782EA49}.Debug|Any CPU.ActiveCfg = Debug|Any CPU
		{96CDDDFD-68AC-4819-B328-CFF75782EA49}.Debug|Any CPU.Build.0 = Debug|Any CPU
		{96CDDDFD-68AC-4819-B328-CFF75782EA49}.Release|Any CPU.ActiveCfg = Release|Any CPU
		{96CDDDFD-68AC-4819-B328-CFF75782EA49}.Release|Any CPU.Build.0 = Release|Any CPU
		{412BDC0C-B8ED-4E11-A600-A528465CA6ED}.Debug|Any CPU.ActiveCfg = Debug|Any CPU
		{412BDC0C-B8ED-4E11-A600-A528465CA6ED}.Debug|Any CPU.Build.0 = Debug|Any CPU
		{412BDC0C-B8ED-4E11-A600-A528465CA6ED}.Release|Any CPU.ActiveCfg = Release|Any CPU
		{412BDC0C-B8ED-4E11-A600-A528465CA6ED}.Release|Any CPU.Build.0 = Release|Any CPU
		{33947F03-CBFB-424B-B76D-91124789EDC9}.Debug|Any CPU.ActiveCfg = Debug|Any CPU
		{33947F03-CBFB-424B-B76D-91124789EDC9}.Debug|Any CPU.Build.0 = Debug|Any CPU
		{33947F03-CBFB-424B-B76D-91124789EDC9}.Release|Any CPU.ActiveCfg = Release|Any CPU
		{33947F03-CBFB-424B-B76D-91124789EDC9}.Release|Any CPU.Build.0 = Release|Any CPU
	EndGlobalSection
	GlobalSection(SolutionProperties) = preSolution
		HideSolutionNode = FALSE
	EndGlobalSection
	GlobalSection(ExtensibilityGlobals) = postSolution
		SolutionGuid = {3CAE38AC-8A18-4566-A3E2-9C7E7DF8287E}
	EndGlobalSection
EndGlobal
